
Microsoft Visual Studio Solution File, Format Version 12.00
# Visual Studio Version 16
VisualStudioVersion = 16.0.29326.143
MinimumVisualStudioVersion = 10.0.40219.1
Project("{8BC9CEB8-8B4A-11D0-8D11-00A0C91BC942}") = "compNetwork", "compNetwork\compNetwork.vcxproj", "{EDFFC215-587D-411D-9E68-1A57478A3D6C}"
EndProject
Project("{8BC9CEB8-8B4A-11D0-8D11-00A0C91BC942}") = "serverApplication", "serverApplication\serverApplication.vcxproj", "{52767261-C05A-4400-AD72-D02DB4A6349A}"
EndProject
Project("{8BC9CEB8-8B4A-11D0-8D11-00A0C91BC942}") = "clientApplication", "clientApplication\clientApplication.vcxproj", "{F9CBEB39-9FBD-473D-AE2E-3360BF7A8D1D}"
EndProject
Global
	GlobalSection(SolutionConfigurationPlatforms) = preSolution
		Debug|x64 = Debug|x64
		Debug|x86 = Debug|x86
		Release|x64 = Release|x64
		Release|x86 = Release|x86
	EndGlobalSection
	GlobalSection(ProjectConfigurationPlatforms) = postSolution
		{EDFFC215-587D-411D-9E68-1A57478A3D6C}.Debug|x64.ActiveCfg = Debug|x64
		{EDFFC215-587D-411D-9E68-1A57478A3D6C}.Debug|x64.Build.0 = Debug|x64
		{EDFFC215-587D-411D-9E68-1A57478A3D6C}.Debug|x86.ActiveCfg = Debug|Win32
		{EDFFC215-587D-411D-9E68-1A57478A3D6C}.Debug|x86.Build.0 = Debug|Win32
		{EDFFC215-587D-411D-9E68-1A57478A3D6C}.Release|x64.ActiveCfg = Release|x64
		{EDFFC215-587D-411D-9E68-1A57478A3D6C}.Release|x64.Build.0 = Release|x64
		{EDFFC215-587D-411D-9E68-1A57478A3D6C}.Release|x86.ActiveCfg = Release|Win32
		{EDFFC215-587D-411D-9E68-1A57478A3D6C}.Release|x86.Build.0 = Release|Win32
		{52767261-C05A-4400-AD72-D02DB4A6349A}.Debug|x64.ActiveCfg = Debug|x64
		{52767261-C05A-4400-AD72-D02DB4A6349A}.Debug|x64.Build.0 = Debug|x64
		{52767261-C05A-4400-AD72-D02DB4A6349A}.Debug|x86.ActiveCfg = Debug|Win32
		{52767261-C05A-4400-AD72-D02DB4A6349A}.Debug|x86.Build.0 = Debug|Win32
		{52767261-C05A-4400-AD72-D02DB4A6349A}.Release|x64.ActiveCfg = Release|x64
		{52767261-C05A-4400-AD72-D02DB4A6349A}.Release|x64.Build.0 = Release|x64
		{52767261-C05A-4400-AD72-D02DB4A6349A}.Release|x86.ActiveCfg = Release|Win32
		{52767261-C05A-4400-AD72-D02DB4A6349A}.Release|x86.Build.0 = Release|Win32
		{F9CBEB39-9FBD-473D-AE2E-3360BF7A8D1D}.Debug|x64.ActiveCfg = Debug|x64
		{F9CBEB39-9FBD-473D-AE2E-3360BF7A8D1D}.Debug|x64.Build.0 = Debug|x64
		{F9CBEB39-9FBD-473D-AE2E-3360BF7A8D1D}.Debug|x86.ActiveCfg = Debug|Win32
		{F9CBEB39-9FBD-473D-AE2E-3360BF7A8D1D}.Debug|x86.Build.0 = Debug|Win32
		{F9CBEB39-9FBD-473D-AE2E-3360BF7A8D1D}.Release|x64.ActiveCfg = Release|x64
		{F9CBEB39-9FBD-473D-AE2E-3360BF7A8D1D}.Release|x64.Build.0 = Release|x64
		{F9CBEB39-9FBD-473D-AE2E-3360BF7A8D1D}.Release|x86.ActiveCfg = Release|Win32
		{F9CBEB39-9FBD-473D-AE2E-3360BF7A8D1D}.Release|x86.Build.0 = Release|Win32
	EndGlobalSection
	GlobalSection(SolutionProperties) = preSolution
		HideSolutionNode = FALSE
	EndGlobalSection
	GlobalSection(ExtensibilityGlobals) = postSolution
		SolutionGuid = {80B49751-E017-45B4-AECB-2D46A119DF13}
	EndGlobalSection
EndGlobal
